
Microsoft Visual Studio Solution File, Format Version 12.00
# Visual Studio 15
Project("{FAE04EC0-301F-11D3-BF4B-00C04F79EFBC}") = "ATM.cs", "ATM.cs\ATM.cs.csproj", "{DD967711-9A8A-4601-BA3E-C9A13E743278}"
EndProject
Project("{FAE04EC0-301F-11D3-BF4B-00C04F79EFBC}") = "ATMTesting", "ATMTesting\ATMTesting.csproj", "{CCF836A1-9C2E-4A0A-B87F-F8123ADAC5DE}"
EndProject
Global
	GlobalSection(SolutionConfigurationPlatforms) = preSolution
		Debug|Any CPU = Debug|Any CPU
		Release|Any CPU = Release|Any CPU
	EndGlobalSection
	GlobalSection(ProjectConfigurationPlatforms) = postSolution
		{DD967711-9A8A-4601-BA3E-C9A13E743278}.Debug|Any CPU.ActiveCfg = Debug|Any CPU
		{DD967711-9A8A-4601-BA3E-C9A13E743278}.Debug|Any CPU.Build.0 = Debug|Any CPU
		{DD967711-9A8A-4601-BA3E-C9A13E743278}.Release|Any CPU.ActiveCfg = Release|Any CPU
		{DD967711-9A8A-4601-BA3E-C9A13E743278}.Release|Any CPU.Build.0 = Release|Any CPU
		{CCF836A1-9C2E-4A0A-B87F-F8123ADAC5DE}.Debug|Any CPU.ActiveCfg = Debug|Any CPU
		{CCF836A1-9C2E-4A0A-B87F-F8123ADAC5DE}.Debug|Any CPU.Build.0 = Debug|Any CPU
		{CCF836A1-9C2E-4A0A-B87F-F8123ADAC5DE}.Release|Any CPU.ActiveCfg = Release|Any CPU
		{CCF836A1-9C2E-4A0A-B87F-F8123ADAC5DE}.Release|Any CPU.Build.0 = Release|Any CPU
	EndGlobalSection
EndGlobal
